<?xml version="1.0" encoding="utf-8"?>
<Project ToolsVersion="4.0" xmlns="http://schemas.microsoft.com/developer/msbuild/2003">
  <ItemGroup>
    <Filter Include="Source Files">
      <UniqueIdentifier>{4FC737F1-C7A5-4376-A066-2A32D752A2FF}</UniqueIdentifier>
      <Extensions>cpp;c;cc;cxx;c++;cppm;ixx;def;odl;idl;hpj;bat;asm;asmx</Extensions>
    </Filter>
    <Filter Include="Header Files">
      <UniqueIdentifier>{93995380-89BD-4b04-88EB-625FBE52EBFB}</UniqueIdentifier>
      <Extensions>h;hh;hpp;hxx;h++;hm;inl;inc;ipp;xsd</Extensions>
    </Filter>
    <Filter Include="Resource Files">
      <UniqueIdentifier>{67DA6AB6-F800-4c08-8B7A-83BB121AAD01}</UniqueIdentifier>
      <Extensions>rc;ico;cur;bmp;dlg;rc2;rct;bin;rgs;gif;jpg;jpeg;jpe;resx;tiff;tif;png;wav;mfcribbon-ms</Extensions>
    </Filter>
    <Filter Include="Source Files\Engine">
      <UniqueIdentifier>{ebafc292-30a6-40b2-9eaa-4b5a14f7ec76}</UniqueIdentifier>
    </Filter>
    <Filter Include="Source Files\Game">
      <UniqueIdentifier>{1a85d15f-c920-4bc6-8d87-8571021c9e09}</UniqueIdentifier>
    </Filter>
    <Filter Include="Source Files\Graphics">
      <UniqueIdentifier>{1cc6dc02-c0ff-4bdf-bdce-6fc7665e0855}</UniqueIdentifier>
    </Filter>
    <Filter Include="Source Files\Math">
      <UniqueIdentifier>{0d67b088-23ed-4ecd-99b1-65976ac6c759}</UniqueIdentifier>
    </Filter>
    <Filter Include="Source Files\Engine\Engine Headers">
      <UniqueIdentifier>{449c85b9-3079-44e5-8684-e303591f8edf}</UniqueIdentifier>
    </Filter>
    <Filter Include="Source Files\Game\Game Headers">
      <UniqueIdentifier>{6b730452-0055-474d-bbdc-3adb04e6dce9}</UniqueIdentifier>
    </Filter>
    <Filter Include="Source Files\Graphics\Graphics Headers">
      <UniqueIdentifier>{3a96874d-114e-477e-909f-b282c6ae9a17}</UniqueIdentifier>
    </Filter>
    <Filter Include="Source Files\Math\Math Headers">
      <UniqueIdentifier>{2d75f779-9d56-4888-8f5e-668f61176ac8}</UniqueIdentifier>
    </Filter>
  </ItemGroup>
  <ItemGroup>
    <ClInclude Include="targetver.h">
      <Filter>Header Files</Filter>
    </ClInclude>
    <ClInclude Include="Resource.h">
      <Filter>Header Files</Filter>
    </ClInclude>
    <ClInclude Include="EngineData.h">
      <Filter>Source Files\Engine\Engine Headers</Filter>
    </ClInclude>
    <ClInclude Include="GlobalInput.h">
      <Filter>Source Files\Engine\Engine Headers</Filter>
    </ClInclude>
    <ClInclude Include="EngineControls.h">
      <Filter>Source Files\Engine\Engine Headers</Filter>
    </ClInclude>
    <ClInclude Include="game.h">
      <Filter>Source Files\Game\Game Headers</Filter>
    </ClInclude>
    <ClInclude Include="gameObject.h">
      <Filter>Source Files\Game\Game Headers</Filter>
    </ClInclude>
    <ClInclude Include="meshBuilder.h">
      <Filter>Source Files\Graphics\Graphics Headers</Filter>
    </ClInclude>
    <ClInclude Include="Collision.h">
      <Filter>Source Files\Math\Math Headers</Filter>
    </ClInclude>
    <ClInclude Include="MathUtil2D.h">
      <Filter>Source Files\Math\Math Headers</Filter>
    </ClInclude>
    <ClInclude Include="Random.h">
      <Filter>Source Files\Math\Math Headers</Filter>
    </ClInclude>
    <ClInclude Include="cameraController.h">
      <Filter>Source Files\Graphics\Graphics Headers</Filter>
    </ClInclude>
  </ItemGroup>
  <ItemGroup>
    <ClCompile Include="main.c">
      <Filter>Source Files</Filter>
    </ClCompile>
    <ClCompile Include="EngineControls.c">
      <Filter>Source Files\Engine</Filter>
    </ClCompile>
    <ClCompile Include="game.c">
      <Filter>Source Files\Game</Filter>
    </ClCompile>
    <ClCompile Include="meshBuilder.c">
      <Filter>Source Files\Graphics</Filter>
    </ClCompile>
    <ClCompile Include="EngineData.c">
      <Filter>Source Files\Engine</Filter>
    </ClCompile>
    <ClCompile Include="gameObject.c">
      <Filter>Source Files\Game</Filter>
    </ClCompile>
    <ClCompile Include="Random.c">
      <Filter>Source Files\Math</Filter>
    </ClCompile>
    <ClCompile Include="Collision.c">
      <Filter>Source Files\Math</Filter>
    </ClCompile>
    <ClCompile Include="GlobalInput.c">
      <Filter>Source Files\Engine</Filter>
    </ClCompile>
    <ClCompile Include="MathUtil2D.c">
      <Filter>Source Files\Math</Filter>
    </ClCompile>
    <ClCompile Include="cameraController.c">
      <Filter>Source Files\Graphics</Filter>
    </ClCompile>
  </ItemGroup>
  <ItemGroup>
    <ResourceCompile Include="DLG_Test2.rc">
      <Filter>Resource Files</Filter>
    </ResourceCompile>
  </ItemGroup>
  <ItemGroup>
    <Image Include="small.ico">
      <Filter>Resource Files</Filter>
    </Image>
    <Image Include="DLG_Test2.ico">
      <Filter>Resource Files</Filter>
    </Image>
  </ItemGroup>
</Project>